
Microsoft Visual Studio Solution File, Format Version 12.00
# Visual Studio Version 17
VisualStudioVersion = 17.6.33815.320
MinimumVisualStudioVersion = 10.0.40219.1
Project("{FAE04EC0-301F-11D3-BF4B-00C04F79EFBC}") = "AbstractFabricWithInterface", "AbstractFabricWithInterface.csproj", "{D73DDB10-79DD-483C-8466-B766BAE805FC}"
EndProject
Global
	GlobalSection(SolutionConfigurationPlatforms) = preSolution
		Debug|Any CPU = Debug|Any CPU
		Release|Any CPU = Release|Any CPU
	EndGlobalSection
	GlobalSection(ProjectConfigurationPlatforms) = postSolution
		{D73DDB10-79DD-483C-8466-B766BAE805FC}.Debug|Any CPU.ActiveCfg = Debug|Any CPU
		{D73DDB10-79DD-483C-8466-B766BAE805FC}.Debug|Any CPU.Build.0 = Debug|Any CPU
		{D73DDB10-79DD-483C-8466-B766BAE805FC}.Release|Any CPU.ActiveCfg = Release|Any CPU
		{D73DDB10-79DD-483C-8466-B766BAE805FC}.Release|Any CPU.Build.0 = Release|Any CPU
	EndGlobalSection
	GlobalSection(SolutionProperties) = preSolution
		HideSolutionNode = FALSE
	EndGlobalSection
	GlobalSection(ExtensibilityGlobals) = postSolution
		SolutionGuid = {3F0A60A4-95E6-418E-9B7E-46CD238460DA}
	EndGlobalSection
EndGlobal
